<?xml version="1.0" encoding="utf-8"?>
<Project ToolsVersion="4.0" xmlns="http://schemas.microsoft.com/developer/msbuild/2003">
  <ItemGroup>
    <Filter Include="Source Files">
      <UniqueIdentifier>{4FC737F1-C7A5-4376-A066-2A32D752A2FF}</UniqueIdentifier>
      <Extensions>cpp;cxx;c;def</Extensions>
    </Filter>
    <Filter Include="Header Files">
      <UniqueIdentifier>{93995380-89BD-4b04-88EB-625FBE52EBFB}</UniqueIdentifier>
      <Extensions>h</Extensions>
    </Filter>
    <Filter Include="Form Files">
      <UniqueIdentifier>{99349809-55BA-4b9d-BF79-8FDBB0286EB3}</UniqueIdentifier>
      <Extensions>ui</Extensions>
    </Filter>
    <Filter Include="Resource Files">
      <UniqueIdentifier>{D9D6E242-F8AF-46E4-B9FD-80ECBC20BA3E}</UniqueIdentifier>
      <Extensions>qrc;*</Extensions>
      <ParseFiles>false</ParseFiles>
    </Filter>
    <Filter Include="Generated Files">
      <UniqueIdentifier>{71ED8ED8-ACB9-4CE9-BBE1-E00B30144E11}</UniqueIdentifier>
      <Extensions>moc;h;cpp</Extensions>
      <SourceControlFiles>False</SourceControlFiles>
    </Filter>
    <Filter Include="Generated Files\Release_Win32">
      <UniqueIdentifier>{c4568cde-f491-46b9-a2c9-19118a558247}</UniqueIdentifier>
      <Extensions>cpp;moc</Extensions>
      <SourceControlFiles>False</SourceControlFiles>
    </Filter>
    <Filter Include="Generated Files\Release_Windows Mobile 6 Professional SDK %28ARMV4I%29">
      <UniqueIdentifier>{397fe904-8753-4c78-a5a3-fc9f314c4b25}</UniqueIdentifier>
      <Extensions>cpp;moc</Extensions>
      <SourceControlFiles>False</SourceControlFiles>
    </Filter>
    <Filter Include="Generated Files\Debug_Win32">
      <UniqueIdentifier>{3b96d1de-8377-486f-b4a6-9d9b4ebe780b}</UniqueIdentifier>
      <Extensions>cpp;moc</Extensions>
      <SourceControlFiles>False</SourceControlFiles>
    </Filter>
    <Filter Include="Generated Files\Debug_Windows Mobile 6 Professional SDK %28ARMV4I%29">
      <UniqueIdentifier>{0f1c5367-6283-4dfd-9b9b-b803f4cd3ed5}</UniqueIdentifier>
      <Extensions>cpp;moc</Extensions>
      <SourceControlFiles>False</SourceControlFiles>
    </Filter>
    <Filter Include="Generated Files\Debug VLD_Win32">
      <UniqueIdentifier>{201a88fb-1cf5-454c-88ef-d31d0155c3f8}</UniqueIdentifier>
      <Extensions>cpp;moc</Extensions>
      <SourceControlFiles>False</SourceControlFiles>
    </Filter>
    <Filter Include="Generated Files\Debug VLD_Windows Mobile 6 Professional SDK %28ARMV4I%29">
      <UniqueIdentifier>{791d6f65-a4b4-40d6-9388-d4e722e997b2}</UniqueIdentifier>
      <Extensions>cpp;moc</Extensions>
      <SourceControlFiles>False</SourceControlFiles>
    </Filter>
  </ItemGroup>
  <ItemGroup>
    <ClCompile Include="ApplyWizardSettings.cpp">
      <Filter>Source Files</Filter>
    </ClCompile>
    <ClCompile Include="BreakLenLine.cpp">
      <Filter>Source Files</Filter>
    </ClCompile>
    <ClCompile Include="CalcClass.cpp">
      <Filter>Source Files</Filter>
    </ClCompile>
    <ClCompile Include="CurrentPosToken.cpp">
      <Filter>Source Files</Filter>
    </ClCompile>
    <ClCompile Include="DrawNavi.cpp">
      <Filter>Source Files</Filter>
    </ClCompile>
    <ClCompile Include="ExchangeDataClass.cpp">
      <Filter>Source Files</Filter>
    </ClCompile>
    <ClCompile Include="ExchangeDialogClass.cpp">
      <Filter>Source Files</Filter>
    </ClCompile>
    <ClCompile Include="GpsClass.cpp">
      <Filter>Source Files</Filter>
    </ClCompile>
    <ClCompile Include="HotTabFunctions.cpp">
      <Filter>Source Files</Filter>
    </ClCompile>
    <ClCompile Include="KmlParser.cpp">
      <Filter>Source Files</Filter>
    </ClCompile>
    <ClCompile Include="LineDialogClass.cpp">
      <Filter>Source Files</Filter>
    </ClCompile>
    <ClCompile Include="LineGetInterface.cpp">
      <Filter>Source Files</Filter>
    </ClCompile>
    <ClCompile Include="..\main.cpp">
      <Filter>Source Files</Filter>
    </ClCompile>
    <ClCompile Include="ManualRouteClass.cpp">
      <Filter>Source Files</Filter>
    </ClCompile>
    <ClCompile Include="MapToolsClass.cpp">
      <Filter>Source Files</Filter>
    </ClCompile>
    <ClCompile Include="MarkTokenClass.cpp">
      <Filter>Source Files</Filter>
    </ClCompile>
    <ClCompile Include="NaviClass.cpp">
      <Filter>Source Files</Filter>
    </ClCompile>
    <ClCompile Include="PaletkaClass.cpp">
      <Filter>Source Files</Filter>
    </ClCompile>
    <ClCompile Include="..\PiramidM.cpp">
      <Filter>Source Files</Filter>
    </ClCompile>
    <ClCompile Include="PointOnMap.cpp">
      <Filter>Source Files</Filter>
    </ClCompile>
    <ClCompile Include="..\pyramidmediator.cpp">
      <Filter>Source Files</Filter>
    </ClCompile>
    <ClCompile Include="RouteClass.cpp">
      <Filter>Source Files</Filter>
    </ClCompile>
    <ClCompile Include="SearchGpsClass.cpp">
      <Filter>Source Files</Filter>
    </ClCompile>
    <ClCompile Include="SelectRgnClass.cpp">
      <Filter>Source Files</Filter>
    </ClCompile>
    <ClCompile Include="senddataclass.cpp">
      <Filter>Source Files</Filter>
    </ClCompile>
    <ClCompile Include="..\stdafx.cpp">
      <Filter>Source Files</Filter>
    </ClCompile>
    <ClCompile Include="SunsetClass.cpp">
      <Filter>Source Files</Filter>
    </ClCompile>
    <ClCompile Include="TestGpsPorts.cpp">
      <Filter>Source Files</Filter>
    </ClCompile>
    <ClCompile Include="TimerClass.cpp">
      <Filter>Source Files</Filter>
    </ClCompile>
    <ClCompile Include="TknPaletka.cpp">
      <Filter>Source Files</Filter>
    </ClCompile>
    <ClCompile Include="TknRoute.cpp">
      <Filter>Source Files</Filter>
    </ClCompile>
    <ClCompile Include="TrackClass.cpp">
      <Filter>Source Files</Filter>
    </ClCompile>
    <ClCompile Include="GeneratedFiles\qrc_PiramidM.cpp">
      <Filter>Generated Files</Filter>
    </ClCompile>
    <ClCompile Include="GeneratedFiles\Win32\Release\moc_ApplyWizardSettings.cpp">
      <Filter>Generated Files\Release_Win32</Filter>
    </ClCompile>
    <ClCompile Include="GeneratedFiles\Win32\Release\moc_BreakLenLine.cpp">
      <Filter>Generated Files\Release_Win32</Filter>
    </ClCompile>
    <ClCompile Include="GeneratedFiles\Win32\Release\moc_CalcClass.cpp">
      <Filter>Generated Files\Release_Win32</Filter>
    </ClCompile>
    <ClCompile Include="GeneratedFiles\Win32\Release\moc_CurrentPosToken.cpp">
      <Filter>Generated Files\Release_Win32</Filter>
    </ClCompile>
    <ClCompile Include="GeneratedFiles\Win32\Release\moc_DrawNavi.cpp">
      <Filter>Generated Files\Release_Win32</Filter>
    </ClCompile>
    <ClCompile Include="GeneratedFiles\Win32\Release\moc_ExchangeDataClass.cpp">
      <Filter>Generated Files\Release_Win32</Filter>
    </ClCompile>
    <ClCompile Include="GeneratedFiles\Win32\Release\moc_ExchangeDialogClass.cpp">
      <Filter>Generated Files\Release_Win32</Filter>
    </ClCompile>
    <ClCompile Include="GeneratedFiles\Win32\Release\moc_GpsClass.cpp">
      <Filter>Generated Files\Release_Win32</Filter>
    </ClCompile>
    <ClCompile Include="GeneratedFiles\Win32\Release\moc_HotTabFunctions.cpp">
      <Filter>Generated Files\Release_Win32</Filter>
    </ClCompile>
    <ClCompile Include="GeneratedFiles\Win32\Release\moc_KmlParser.cpp">
      <Filter>Generated Files\Release_Win32</Filter>
    </ClCompile>
    <ClCompile Include="GeneratedFiles\Win32\Release\moc_LineDialogClass.cpp">
      <Filter>Generated Files\Release_Win32</Filter>
    </ClCompile>
    <ClCompile Include="GeneratedFiles\Win32\Release\moc_LineGetInterface.cpp">
      <Filter>Generated Files\Release_Win32</Filter>
    </ClCompile>
    <ClCompile Include="GeneratedFiles\Win32\Release\moc_ManualRouteClass.cpp">
      <Filter>Generated Files\Release_Win32</Filter>
    </ClCompile>
    <ClCompile Include="GeneratedFiles\Win32\Release\moc_MapToolsClass.cpp">
      <Filter>Generated Files\Release_Win32</Filter>
    </ClCompile>
    <ClCompile Include="GeneratedFiles\Win32\Release\moc_MarkTokenClass.cpp">
      <Filter>Generated Files\Release_Win32</Filter>
    </ClCompile>
    <ClCompile Include="GeneratedFiles\Win32\Release\moc_NaviClass.cpp">
      <Filter>Generated Files\Release_Win32</Filter>
    </ClCompile>
    <ClCompile Include="GeneratedFiles\Win32\Release\moc_PaletkaClass.cpp">
      <Filter>Generated Files\Release_Win32</Filter>
    </ClCompile>
    <ClCompile Include="GeneratedFiles\Win32\Release\moc_PiramidM.cpp">
      <Filter>Generated Files\Release_Win32</Filter>
    </ClCompile>
    <ClCompile Include="GeneratedFiles\Win32\Release\moc_PointOnMap.cpp">
      <Filter>Generated Files\Release_Win32</Filter>
    </ClCompile>
    <ClCompile Include="GeneratedFiles\Win32\Release\moc_pyramidmediator.cpp">
      <Filter>Generated Files\Release_Win32</Filter>
    </ClCompile>
    <ClCompile Include="GeneratedFiles\Win32\Release\moc_RouteClass.cpp">
      <Filter>Generated Files\Release_Win32</Filter>
    </ClCompile>
    <ClCompile Include="GeneratedFiles\Win32\Release\moc_SearchGpsClass.cpp">
      <Filter>Generated Files\Release_Win32</Filter>
    </ClCompile>
    <ClCompile Include="GeneratedFiles\Win32\Release\moc_SelectRgnClass.cpp">
      <Filter>Generated Files\Release_Win32</Filter>
    </ClCompile>
    <ClCompile Include="GeneratedFiles\Win32\Release\moc_senddataclass.cpp">
      <Filter>Generated Files\Release_Win32</Filter>
    </ClCompile>
    <ClCompile Include="GeneratedFiles\Win32\Release\moc_SunsetClass.cpp">
      <Filter>Generated Files\Release_Win32</Filter>
    </ClCompile>
    <ClCompile Include="GeneratedFiles\Win32\Release\moc_TestGpsPorts.cpp">
      <Filter>Generated Files\Release_Win32</Filter>
    </ClCompile>
    <ClCompile Include="GeneratedFiles\Win32\Release\moc_TimerClass.cpp">
      <Filter>Generated Files\Release_Win32</Filter>
    </ClCompile>
    <ClCompile Include="GeneratedFiles\Win32\Release\moc_TrackClass.cpp">
      <Filter>Generated Files\Release_Win32</Filter>
    </ClCompile>
    <ClCompile Include="GeneratedFiles\Win32\Debug\moc_ApplyWizardSettings.cpp">
      <Filter>Generated Files\Debug_Win32</Filter>
    </ClCompile>
    <ClCompile Include="GeneratedFiles\Win32\Debug\moc_BreakLenLine.cpp">
      <Filter>Generated Files\Debug_Win32</Filter>
    </ClCompile>
    <ClCompile Include="GeneratedFiles\Win32\Debug\moc_CalcClass.cpp">
      <Filter>Generated Files\Debug_Win32</Filter>
    </ClCompile>
    <ClCompile Include="GeneratedFiles\Win32\Debug\moc_CurrentPosToken.cpp">
      <Filter>Generated Files\Debug_Win32</Filter>
    </ClCompile>
    <ClCompile Include="GeneratedFiles\Win32\Debug\moc_DrawNavi.cpp">
      <Filter>Generated Files\Debug_Win32</Filter>
    </ClCompile>
    <ClCompile Include="GeneratedFiles\Win32\Debug\moc_ExchangeDataClass.cpp">
      <Filter>Generated Files\Debug_Win32</Filter>
    </ClCompile>
    <ClCompile Include="GeneratedFiles\Win32\Debug\moc_ExchangeDialogClass.cpp">
      <Filter>Generated Files\Debug_Win32</Filter>
    </ClCompile>
    <ClCompile Include="GeneratedFiles\Win32\Debug\moc_GpsClass.cpp">
      <Filter>Generated Files\Debug_Win32</Filter>
    </ClCompile>
    <ClCompile Include="GeneratedFiles\Win32\Debug\moc_HotTabFunctions.cpp">
      <Filter>Generated Files\Debug_Win32</Filter>
    </ClCompile>
    <ClCompile Include="GeneratedFiles\Win32\Debug\moc_KmlParser.cpp">
      <Filter>Generated Files\Debug_Win32</Filter>
    </ClCompile>
    <ClCompile Include="GeneratedFiles\Win32\Debug\moc_LineDialogClass.cpp">
      <Filter>Generated Files\Debug_Win32</Filter>
    </ClCompile>
    <ClCompile Include="GeneratedFiles\Win32\Debug\moc_LineGetInterface.cpp">
      <Filter>Generated Files\Debug_Win32</Filter>
    </ClCompile>
    <ClCompile Include="GeneratedFiles\Win32\Debug\moc_ManualRouteClass.cpp">
      <Filter>Generated Files\Debug_Win32</Filter>
    </ClCompile>
    <ClCompile Include="GeneratedFiles\Win32\Debug\moc_MapToolsClass.cpp">
      <Filter>Generated Files\Debug_Win32</Filter>
    </ClCompile>
    <ClCompile Include="GeneratedFiles\Win32\Debug\moc_MarkTokenClass.cpp">
      <Filter>Generated Files\Debug_Win32</Filter>
    </ClCompile>
    <ClCompile Include="GeneratedFiles\Win32\Debug\moc_NaviClass.cpp">
      <Filter>Generated Files\Debug_Win32</Filter>
    </ClCompile>
    <ClCompile Include="GeneratedFiles\Win32\Debug\moc_PaletkaClass.cpp">
      <Filter>Generated Files\Debug_Win32</Filter>
    </ClCompile>
    <ClCompile Include="GeneratedFiles\Win32\Debug\moc_PiramidM.cpp">
      <Filter>Generated Files\Debug_Win32</Filter>
    </ClCompile>
    <ClCompile Include="GeneratedFiles\Win32\Debug\moc_PointOnMap.cpp">
      <Filter>Generated Files\Debug_Win32</Filter>
    </ClCompile>
    <ClCompile Include="GeneratedFiles\Win32\Debug\moc_pyramidmediator.cpp">
      <Filter>Generated Files\Debug_Win32</Filter>
    </ClCompile>
    <ClCompile Include="GeneratedFiles\Win32\Debug\moc_RouteClass.cpp">
      <Filter>Generated Files\Debug_Win32</Filter>
    </ClCompile>
    <ClCompile Include="GeneratedFiles\Win32\Debug\moc_SearchGpsClass.cpp">
      <Filter>Generated Files\Debug_Win32</Filter>
    </ClCompile>
    <ClCompile Include="GeneratedFiles\Win32\Debug\moc_SelectRgnClass.cpp">
      <Filter>Generated Files\Debug_Win32</Filter>
    </ClCompile>
    <ClCompile Include="GeneratedFiles\Win32\Debug\moc_senddataclass.cpp">
      <Filter>Generated Files\Debug_Win32</Filter>
    </ClCompile>
    <ClCompile Include="GeneratedFiles\Win32\Debug\moc_SunsetClass.cpp">
      <Filter>Generated Files\Debug_Win32</Filter>
    </ClCompile>
    <ClCompile Include="GeneratedFiles\Win32\Debug\moc_TestGpsPorts.cpp">
      <Filter>Generated Files\Debug_Win32</Filter>
    </ClCompile>
    <ClCompile Include="GeneratedFiles\Win32\Debug\moc_TimerClass.cpp">
      <Filter>Generated Files\Debug_Win32</Filter>
    </ClCompile>
    <ClCompile Include="GeneratedFiles\Win32\Debug\moc_TrackClass.cpp">
      <Filter>Generated Files\Debug_Win32</Filter>
    </ClCompile>
    <ClCompile Include="GeneratedFiles\Win32\Debug VLD\moc_ApplyWizardSettings.cpp">
      <Filter>Generated Files\Debug VLD_Win32</Filter>
    </ClCompile>
    <ClCompile Include="GeneratedFiles\Win32\Debug VLD\moc_BreakLenLine.cpp">
      <Filter>Generated Files\Debug VLD_Win32</Filter>
    </ClCompile>
    <ClCompile Include="GeneratedFiles\Win32\Debug VLD\moc_CalcClass.cpp">
      <Filter>Generated Files\Debug VLD_Win32</Filter>
    </ClCompile>
    <ClCompile Include="GeneratedFiles\Win32\Debug VLD\moc_CurrentPosToken.cpp">
      <Filter>Generated Files\Debug VLD_Win32</Filter>
    </ClCompile>
    <ClCompile Include="GeneratedFiles\Win32\Debug VLD\moc_DrawNavi.cpp">
      <Filter>Generated Files\Debug VLD_Win32</Filter>
    </ClCompile>
    <ClCompile Include="GeneratedFiles\Win32\Debug VLD\moc_ExchangeDataClass.cpp">
      <Filter>Generated Files\Debug VLD_Win32</Filter>
    </ClCompile>
    <ClCompile Include="GeneratedFiles\Win32\Debug VLD\moc_ExchangeDialogClass.cpp">
      <Filter>Generated Files\Debug VLD_Win32</Filter>
    </ClCompile>
    <ClCompile Include="GeneratedFiles\Win32\Debug VLD\moc_GpsClass.cpp">
      <Filter>Generated Files\Debug VLD_Win32</Filter>
    </ClCompile>
    <ClCompile Include="GeneratedFiles\Win32\Debug VLD\moc_HotTabFunctions.cpp">
      <Filter>Generated Files\Debug VLD_Win32</Filter>
    </ClCompile>
    <ClCompile Include="GeneratedFiles\Win32\Debug VLD\moc_KmlParser.cpp">
      <Filter>Generated Files\Debug VLD_Win32</Filter>
    </ClCompile>
    <ClCompile Include="GeneratedFiles\Win32\Debug VLD\moc_LineDialogClass.cpp">
      <Filter>Generated Files\Debug VLD_Win32</Filter>
    </ClCompile>
    <ClCompile Include="GeneratedFiles\Win32\Debug VLD\moc_LineGetInterface.cpp">
      <Filter>Generated Files\Debug VLD_Win32</Filter>
    </ClCompile>
    <ClCompile Include="GeneratedFiles\Win32\Debug VLD\moc_ManualRouteClass.cpp">
      <Filter>Generated Files\Debug VLD_Win32</Filter>
    </ClCompile>
    <ClCompile Include="GeneratedFiles\Win32\Debug VLD\moc_MapToolsClass.cpp">
      <Filter>Generated Files\Debug VLD_Win32</Filter>
    </ClCompile>
    <ClCompile Include="GeneratedFiles\Win32\Debug VLD\moc_MarkTokenClass.cpp">
      <Filter>Generated Files\Debug VLD_Win32</Filter>
    </ClCompile>
    <ClCompile Include="GeneratedFiles\Win32\Debug VLD\moc_NaviClass.cpp">
      <Filter>Generated Files\Debug VLD_Win32</Filter>
    </ClCompile>
    <ClCompile Include="GeneratedFiles\Win32\Debug VLD\moc_PaletkaClass.cpp">
      <Filter>Generated Files\Debug VLD_Win32</Filter>
    </ClCompile>
    <ClCompile Include="GeneratedFiles\Win32\Debug VLD\moc_PiramidM.cpp">
      <Filter>Generated Files\Debug VLD_Win32</Filter>
    </ClCompile>
    <ClCompile Include="GeneratedFiles\Win32\Debug VLD\moc_PointOnMap.cpp">
      <Filter>Generated Files\Debug VLD_Win32</Filter>
    </ClCompile>
    <ClCompile Include="GeneratedFiles\Win32\Debug VLD\moc_pyramidmediator.cpp">
      <Filter>Generated Files\Debug VLD_Win32</Filter>
    </ClCompile>
    <ClCompile Include="GeneratedFiles\Win32\Debug VLD\moc_RouteClass.cpp">
      <Filter>Generated Files\Debug VLD_Win32</Filter>
    </ClCompile>
    <ClCompile Include="GeneratedFiles\Win32\Debug VLD\moc_SearchGpsClass.cpp">
      <Filter>Generated Files\Debug VLD_Win32</Filter>
    </ClCompile>
    <ClCompile Include="GeneratedFiles\Win32\Debug VLD\moc_SelectRgnClass.cpp">
      <Filter>Generated Files\Debug VLD_Win32</Filter>
    </ClCompile>
    <ClCompile Include="GeneratedFiles\Win32\Debug VLD\moc_senddataclass.cpp">
      <Filter>Generated Files\Debug VLD_Win32</Filter>
    </ClCompile>
    <ClCompile Include="GeneratedFiles\Win32\Debug VLD\moc_SunsetClass.cpp">
      <Filter>Generated Files\Debug VLD_Win32</Filter>
    </ClCompile>
    <ClCompile Include="GeneratedFiles\Win32\Debug VLD\moc_TestGpsPorts.cpp">
      <Filter>Generated Files\Debug VLD_Win32</Filter>
    </ClCompile>
    <ClCompile Include="GeneratedFiles\Win32\Debug VLD\moc_TimerClass.cpp">
      <Filter>Generated Files\Debug VLD_Win32</Filter>
    </ClCompile>
    <ClCompile Include="GeneratedFiles\Win32\Debug VLD\moc_TrackClass.cpp">
      <Filter>Generated Files\Debug VLD_Win32</Filter>
    </ClCompile>
  </ItemGroup>
  <ItemGroup>
    <ClInclude Include="CalcFunctions.h">
      <Filter>Header Files</Filter>
    </ClInclude>
    <ClInclude Include="..\resource.h">
      <Filter>Header Files</Filter>
    </ClInclude>
    <ClInclude Include="..\stdafx.h">
      <Filter>Header Files</Filter>
    </ClInclude>
    <ClInclude Include="..\struct.h">
      <Filter>Header Files</Filter>
    </ClInclude>
    <ClInclude Include="TknPaletka.h">
      <Filter>Header Files</Filter>
    </ClInclude>
    <ClInclude Include="TknRoute.h">
      <Filter>Header Files</Filter>
    </ClInclude>
    <ClInclude Include="WorkStructures.h">
      <Filter>Header Files</Filter>
    </ClInclude>
    <ClInclude Include="GeneratedFiles\ui_DialogExchange.h">
      <Filter>Generated Files</Filter>
    </ClInclude>
    <ClInclude Include="GeneratedFiles\ui_DialogLenLineDlg.h">
      <Filter>Generated Files</Filter>
    </ClInclude>
    <ClInclude Include="GeneratedFiles\ui_MapSelectTopo.h">
      <Filter>Generated Files</Filter>
    </ClInclude>
    <ClInclude Include="GeneratedFiles\ui_PyramidM.h">
      <Filter>Generated Files</Filter>
    </ClInclude>
  </ItemGroup>
  <ItemGroup>
    <Image Include="Pyramid.ico" />
    <Image Include="..\Resources\PyramidM.ico" />
  </ItemGroup>
  <ItemGroup>
    <ResourceCompile Include="Pyramid.rc" />
  </ItemGroup>
  <ItemGroup>
    <CustomBuild Include="ApplyWizardSettings.h">
      <Filter>Header Files</Filter>
    </CustomBuild>
    <CustomBuild Include="BreakLenLine.h">
      <Filter>Header Files</Filter>
    </CustomBuild>
    <CustomBuild Include="CalcClass.h">
      <Filter>Header Files</Filter>
    </CustomBuild>
    <CustomBuild Include="CurrentPosToken.h">
      <Filter>Header Files</Filter>
    </CustomBuild>
    <CustomBuild Include="DrawNavi.h">
      <Filter>Header Files</Filter>
    </CustomBuild>
    <CustomBuild Include="ExchangeDataClass.h">
      <Filter>Header Files</Filter>
    </CustomBuild>
    <CustomBuild Include="ExchangeDialogClass.h">
      <Filter>Header Files</Filter>
    </CustomBuild>
    <CustomBuild Include="GpsClass.h">
      <Filter>Header Files</Filter>
    </CustomBuild>
    <CustomBuild Include="HotTabFunctions.h">
      <Filter>Header Files</Filter>
    </CustomBuild>
    <CustomBuild Include="KmlParser.h">
      <Filter>Header Files</Filter>
    </CustomBuild>
    <CustomBuild Include="LineDialogClass.h">
      <Filter>Header Files</Filter>
    </CustomBuild>
    <CustomBuild Include="LineGetInterface.h">
      <Filter>Header Files</Filter>
    </CustomBuild>
    <CustomBuild Include="ManualRouteClass.h">
      <Filter>Header Files</Filter>
    </CustomBuild>
    <CustomBuild Include="MapToolsClass.h">
      <Filter>Header Files</Filter>
    </CustomBuild>
    <CustomBuild Include="MarkTokenClass.h">
      <Filter>Header Files</Filter>
    </CustomBuild>
    <CustomBuild Include="NaviClass.h">
      <Filter>Header Files</Filter>
    </CustomBuild>
    <CustomBuild Include="PaletkaClass.h">
      <Filter>Header Files</Filter>
    </CustomBuild>
    <CustomBuild Include="..\PiramidM.h">
      <Filter>Header Files</Filter>
    </CustomBuild>
    <CustomBuild Include="PointOnMap.h">
      <Filter>Header Files</Filter>
    </CustomBuild>
    <CustomBuild Include="..\pyramidmediator.h">
      <Filter>Header Files</Filter>
    </CustomBuild>
    <CustomBuild Include="RouteClass.h">
      <Filter>Header Files</Filter>
    </CustomBuild>
    <CustomBuild Include="SearchGpsClass.h">
      <Filter>Header Files</Filter>
    </CustomBuild>
    <CustomBuild Include="SelectRgnClass.h">
      <Filter>Header Files</Filter>
    </CustomBuild>
    <CustomBuild Include="senddataclass.h">
      <Filter>Header Files</Filter>
    </CustomBuild>
    <CustomBuild Include="SunsetClass.h">
      <Filter>Header Files</Filter>
    </CustomBuild>
    <CustomBuild Include="TestGpsPorts.h">
      <Filter>Header Files</Filter>
    </CustomBuild>
    <CustomBuild Include="TimerClass.h">
      <Filter>Header Files</Filter>
    </CustomBuild>
    <CustomBuild Include="TrackClass.h">
      <Filter>Header Files</Filter>
    </CustomBuild>
    <CustomBuild Include="..\ui\DialogExchange.ui">
      <Filter>Form Files</Filter>
    </CustomBuild>
    <CustomBuild Include="..\ui\DialogLenLineDlg.ui">
      <Filter>Form Files</Filter>
    </CustomBuild>
    <CustomBuild Include="..\ui\MapSelectTopo.ui">
      <Filter>Form Files</Filter>
    </CustomBuild>
    <CustomBuild Include="..\PyramidM.ui">
      <Filter>Form Files</Filter>
    </CustomBuild>
    <CustomBuild Include="..\Resources\close_tool.png">
      <Filter>Resource Files</Filter>
    </CustomBuild>
    <CustomBuild Include="..\Resources\close_tool_n.png">
      <Filter>Resource Files</Filter>
    </CustomBuild>
    <CustomBuild Include="..\Resources\fon_next_menu.png">
      <Filter>Resource Files</Filter>
    </CustomBuild>
    <CustomBuild Include="..\Resources\logo.png">
      <Filter>Resource Files</Filter>
    </CustomBuild>
    <CustomBuild Include="..\Resources\PiramidM.qrc">
      <Filter>Resource Files</Filter>
    </CustomBuild>
    <CustomBuild Include="..\Resources\Pyramid.ico">
      <Filter>Resource Files</Filter>
    </CustomBuild>
    <CustomBuild Include="..\Resources\qt_ru.qm">
      <Filter>Resource Files</Filter>
    </CustomBuild>
  </ItemGroup>
</Project>