
Microsoft Visual Studio Solution File, Format Version 11.00
# Visual Studio 2010
Project("{8BC9CEB8-8B4A-11D0-8D11-00A0C91BC942}") = "GisBase", "..\..\..\gis\GisBase\win32\MSVC_2010\GisBase.vcxproj", "{37FDE31F-8EE8-46DD-813D-8CBCEC363E70}"
EndProject
Project("{8BC9CEB8-8B4A-11D0-8D11-00A0C91BC942}") = "GisBaseCore", "..\..\..\gis\GisBase\win32\MSVC_2010\GisBaseCore.vcxproj", "{613F79B8-AA7D-4995-A903-BC8C889FFA81}"
	ProjectSection(ProjectDependencies) = postProject
		{B71F691C-AE4B-49DE-9DB3-E06333FD4A7B} = {B71F691C-AE4B-49DE-9DB3-E06333FD4A7B}
	EndProjectSection
EndProject
Project("{8BC9CEB8-8B4A-11D0-8D11-00A0C91BC942}") = "libagg", "..\..\..\gis\GisBase\libagg\MSVC_2010\libagg.vcxproj", "{E07996D2-E79F-4743-9045-EAADE1E42A13}"
EndProject
Project("{8BC9CEB8-8B4A-11D0-8D11-00A0C91BC942}") = "GisDataInterface", "..\..\..\gis\GisDataInterface\MSVC_2010\GisDataInterface.vcxproj", "{53529E51-BE53-457C-8EF6-EF8161FEFF8E}"
EndProject
Project("{8BC9CEB8-8B4A-11D0-8D11-00A0C91BC942}") = "GrUnits", "..\..\..\gis\GrUnits\MSVC_2010\GrUnits.vcxproj", "{A0ACF68F-E134-4A9A-BD42-C363F5A42B53}"
	ProjectSection(ProjectDependencies) = postProject
		{37FDE31F-8EE8-46DD-813D-8CBCEC363E70} = {37FDE31F-8EE8-46DD-813D-8CBCEC363E70}
		{613F79B8-AA7D-4995-A903-BC8C889FFA81} = {613F79B8-AA7D-4995-A903-BC8C889FFA81}
	EndProjectSection
EndProject
Project("{8BC9CEB8-8B4A-11D0-8D11-00A0C91BC942}") = "MmfMatrix", "..\..\..\gis\MmfMatrix\MSVC_2010\MmfMatrix.vcxproj", "{1DC0DD6C-0C3E-49FE-B932-FA96D5BCF683}"
EndProject
Project("{8BC9CEB8-8B4A-11D0-8D11-00A0C91BC942}") = "PropertyBrowserQT", "..\..\..\gis_tool_qt\PropertyBrowserQT\MSVC_2010\PropertyBrowserQT.vcxproj", "{BC740A8F-4D98-4F2C-8A7C-6843339E658F}"
EndProject
Project("{8BC9CEB8-8B4A-11D0-8D11-00A0C91BC942}") = "QtExtendUi", "..\..\..\gis_tool_qt\QtExtendUi\MSVC_2010\QtExtendUi.vcxproj", "{D019683E-20D9-4ADD-840D-5D4005CD5F59}"
EndProject
Project("{8BC9CEB8-8B4A-11D0-8D11-00A0C91BC942}") = "QtImgDev", "..\..\..\gis\GisBase\QtImgDev\MSVC_2010\QtImgDev.vcxproj", "{9E619D5C-81A0-4E49-A20F-B95615417DC3}"
EndProject
Project("{8BC9CEB8-8B4A-11D0-8D11-00A0C91BC942}") = "GisWidgets", "..\..\..\gis_tool_qt\GisWidgets\MSVC_2010\GisWidgets.vcxproj", "{7C6264DB-D5A6-45CB-B418-AA46990CEDE7}"
EndProject
Project("{8BC9CEB8-8B4A-11D0-8D11-00A0C91BC942}") = "GdiExtImgDev", "..\..\..\gis\GisBase\GdiExtImgDev\MSVC_2010\GdiExtImgDev.vcxproj", "{F5E24E8C-42E2-4D5C-A12D-D3F7B9A755C6}"
EndProject
Project("{8BC9CEB8-8B4A-11D0-8D11-00A0C91BC942}") = "GisBeginPluginQt", "GisBeginPluginQt.vcxproj", "{DD254F4E-E2EF-47F5-A63A-581DEACDA61D}"
	ProjectSection(ProjectDependencies) = postProject
		{59E7DB18-A333-4B4F-8CB4-603576B64DF9} = {59E7DB18-A333-4B4F-8CB4-603576B64DF9}
		{37FDE31F-8EE8-46DD-813D-8CBCEC363E70} = {37FDE31F-8EE8-46DD-813D-8CBCEC363E70}
		{D019683E-20D9-4ADD-840D-5D4005CD5F59} = {D019683E-20D9-4ADD-840D-5D4005CD5F59}
		{9E619D5C-81A0-4E49-A20F-B95615417DC3} = {9E619D5C-81A0-4E49-A20F-B95615417DC3}
		{F5E24E8C-42E2-4D5C-A12D-D3F7B9A755C6} = {F5E24E8C-42E2-4D5C-A12D-D3F7B9A755C6}
		{613F79B8-AA7D-4995-A903-BC8C889FFA81} = {613F79B8-AA7D-4995-A903-BC8C889FFA81}
		{7C6264DB-D5A6-45CB-B418-AA46990CEDE7} = {7C6264DB-D5A6-45CB-B418-AA46990CEDE7}
	EndProjectSection
EndProject
Project("{8BC9CEB8-8B4A-11D0-8D11-00A0C91BC942}") = "libiconv", "..\..\..\gis\GisBase\libiconv\MSVC_2010\libiconv.vcxproj", "{60701F50-942A-4CF8-853B-9B440D35544C}"
EndProject
Project("{8BC9CEB8-8B4A-11D0-8D11-00A0C91BC942}") = "libxml", "..\..\..\gis\GisBase\libxml\MSVC_2010\libxml.vcxproj", "{7A0981DC-27F5-4635-AC3A-2C76ABBC4DEC}"
EndProject
Project("{8BC9CEB8-8B4A-11D0-8D11-00A0C91BC942}") = "GisInterfaceQT", "..\..\..\gis_tool_qt\GisInterfaceQT\MSVC_2010\GisInterfaceQT.vcxproj", "{59E7DB18-A333-4B4F-8CB4-603576B64DF9}"
	ProjectSection(ProjectDependencies) = postProject
		{D019683E-20D9-4ADD-840D-5D4005CD5F59} = {D019683E-20D9-4ADD-840D-5D4005CD5F59}
	EndProjectSection
EndProject
Project("{8BC9CEB8-8B4A-11D0-8D11-00A0C91BC942}") = "Proj4", "..\..\..\gis\GisBase\Proj4\MSVC_2010\Proj4.vcxproj", "{B71F691C-AE4B-49DE-9DB3-E06333FD4A7B}"
EndProject
Global
	GlobalSection(SolutionConfigurationPlatforms) = preSolution
		Debug VLD|Win32 = Debug VLD|Win32
		Debug|Win32 = Debug|Win32
		Release|Win32 = Release|Win32
		Template|Win32 = Template|Win32
	EndGlobalSection
	GlobalSection(ProjectConfigurationPlatforms) = postSolution
		{37FDE31F-8EE8-46DD-813D-8CBCEC363E70}.Debug VLD|Win32.ActiveCfg = Debug VLD|Win32
		{37FDE31F-8EE8-46DD-813D-8CBCEC363E70}.Debug VLD|Win32.Build.0 = Debug VLD|Win32
		{37FDE31F-8EE8-46DD-813D-8CBCEC363E70}.Debug|Win32.ActiveCfg = Debug|Win32
		{37FDE31F-8EE8-46DD-813D-8CBCEC363E70}.Debug|Win32.Build.0 = Debug|Win32
		{37FDE31F-8EE8-46DD-813D-8CBCEC363E70}.Release|Win32.ActiveCfg = Release|Win32
		{37FDE31F-8EE8-46DD-813D-8CBCEC363E70}.Release|Win32.Build.0 = Release|Win32
		{37FDE31F-8EE8-46DD-813D-8CBCEC363E70}.Template|Win32.ActiveCfg = Release|Win32
		{37FDE31F-8EE8-46DD-813D-8CBCEC363E70}.Template|Win32.Build.0 = Release|Win32
		{613F79B8-AA7D-4995-A903-BC8C889FFA81}.Debug VLD|Win32.ActiveCfg = Debug VLD|Win32
		{613F79B8-AA7D-4995-A903-BC8C889FFA81}.Debug VLD|Win32.Build.0 = Debug VLD|Win32
		{613F79B8-AA7D-4995-A903-BC8C889FFA81}.Debug|Win32.ActiveCfg = Debug|Win32
		{613F79B8-AA7D-4995-A903-BC8C889FFA81}.Debug|Win32.Build.0 = Debug|Win32
		{613F79B8-AA7D-4995-A903-BC8C889FFA81}.Release|Win32.ActiveCfg = Release|Win32
		{613F79B8-AA7D-4995-A903-BC8C889FFA81}.Release|Win32.Build.0 = Release|Win32
		{613F79B8-AA7D-4995-A903-BC8C889FFA81}.Template|Win32.ActiveCfg = Release|Win32
		{613F79B8-AA7D-4995-A903-BC8C889FFA81}.Template|Win32.Build.0 = Release|Win32
		{E07996D2-E79F-4743-9045-EAADE1E42A13}.Debug VLD|Win32.ActiveCfg = Debug VLD|Win32
		{E07996D2-E79F-4743-9045-EAADE1E42A13}.Debug VLD|Win32.Build.0 = Debug VLD|Win32
		{E07996D2-E79F-4743-9045-EAADE1E42A13}.Debug|Win32.ActiveCfg = Debug|Win32
		{E07996D2-E79F-4743-9045-EAADE1E42A13}.Debug|Win32.Build.0 = Debug|Win32
		{E07996D2-E79F-4743-9045-EAADE1E42A13}.Release|Win32.ActiveCfg = Release|Win32
		{E07996D2-E79F-4743-9045-EAADE1E42A13}.Release|Win32.Build.0 = Release|Win32
		{E07996D2-E79F-4743-9045-EAADE1E42A13}.Template|Win32.ActiveCfg = Release|Win32
		{E07996D2-E79F-4743-9045-EAADE1E42A13}.Template|Win32.Build.0 = Release|Win32
		{53529E51-BE53-457C-8EF6-EF8161FEFF8E}.Debug VLD|Win32.ActiveCfg = Debug VLD|Win32
		{53529E51-BE53-457C-8EF6-EF8161FEFF8E}.Debug VLD|Win32.Build.0 = Debug VLD|Win32
		{53529E51-BE53-457C-8EF6-EF8161FEFF8E}.Debug|Win32.ActiveCfg = Debug|Win32
		{53529E51-BE53-457C-8EF6-EF8161FEFF8E}.Debug|Win32.Build.0 = Debug|Win32
		{53529E51-BE53-457C-8EF6-EF8161FEFF8E}.Release|Win32.ActiveCfg = Release|Win32
		{53529E51-BE53-457C-8EF6-EF8161FEFF8E}.Release|Win32.Build.0 = Release|Win32
		{53529E51-BE53-457C-8EF6-EF8161FEFF8E}.Template|Win32.ActiveCfg = Release|Win32
		{53529E51-BE53-457C-8EF6-EF8161FEFF8E}.Template|Win32.Build.0 = Release|Win32
		{A0ACF68F-E134-4A9A-BD42-C363F5A42B53}.Debug VLD|Win32.ActiveCfg = Debug VLD|Win32
		{A0ACF68F-E134-4A9A-BD42-C363F5A42B53}.Debug VLD|Win32.Build.0 = Debug VLD|Win32
		{A0ACF68F-E134-4A9A-BD42-C363F5A42B53}.Debug|Win32.ActiveCfg = Debug|Win32
		{A0ACF68F-E134-4A9A-BD42-C363F5A42B53}.Debug|Win32.Build.0 = Debug|Win32
		{A0ACF68F-E134-4A9A-BD42-C363F5A42B53}.Release|Win32.ActiveCfg = Release|Win32
		{A0ACF68F-E134-4A9A-BD42-C363F5A42B53}.Release|Win32.Build.0 = Release|Win32
		{A0ACF68F-E134-4A9A-BD42-C363F5A42B53}.Template|Win32.ActiveCfg = Release|Win32
		{A0ACF68F-E134-4A9A-BD42-C363F5A42B53}.Template|Win32.Build.0 = Release|Win32
		{1DC0DD6C-0C3E-49FE-B932-FA96D5BCF683}.Debug VLD|Win32.ActiveCfg = Debug VLD|Win32
		{1DC0DD6C-0C3E-49FE-B932-FA96D5BCF683}.Debug VLD|Win32.Build.0 = Debug VLD|Win32
		{1DC0DD6C-0C3E-49FE-B932-FA96D5BCF683}.Debug|Win32.ActiveCfg = Debug|Win32
		{1DC0DD6C-0C3E-49FE-B932-FA96D5BCF683}.Debug|Win32.Build.0 = Debug|Win32
		{1DC0DD6C-0C3E-49FE-B932-FA96D5BCF683}.Release|Win32.ActiveCfg = Release|Win32
		{1DC0DD6C-0C3E-49FE-B932-FA96D5BCF683}.Release|Win32.Build.0 = Release|Win32
		{1DC0DD6C-0C3E-49FE-B932-FA96D5BCF683}.Template|Win32.ActiveCfg = Release|Win32
		{1DC0DD6C-0C3E-49FE-B932-FA96D5BCF683}.Template|Win32.Build.0 = Release|Win32
		{BC740A8F-4D98-4F2C-8A7C-6843339E658F}.Debug VLD|Win32.ActiveCfg = Debug VLD|Win32
		{BC740A8F-4D98-4F2C-8A7C-6843339E658F}.Debug VLD|Win32.Build.0 = Debug VLD|Win32
		{BC740A8F-4D98-4F2C-8A7C-6843339E658F}.Debug|Win32.ActiveCfg = Debug|Win32
		{BC740A8F-4D98-4F2C-8A7C-6843339E658F}.Debug|Win32.Build.0 = Debug|Win32
		{BC740A8F-4D98-4F2C-8A7C-6843339E658F}.Release|Win32.ActiveCfg = Release|Win32
		{BC740A8F-4D98-4F2C-8A7C-6843339E658F}.Release|Win32.Build.0 = Release|Win32
		{BC740A8F-4D98-4F2C-8A7C-6843339E658F}.Template|Win32.ActiveCfg = Template|Win32
		{BC740A8F-4D98-4F2C-8A7C-6843339E658F}.Template|Win32.Build.0 = Template|Win32
		{D019683E-20D9-4ADD-840D-5D4005CD5F59}.Debug VLD|Win32.ActiveCfg = Debug VLD|Win32
		{D019683E-20D9-4ADD-840D-5D4005CD5F59}.Debug VLD|Win32.Build.0 = Debug VLD|Win32
		{D019683E-20D9-4ADD-840D-5D4005CD5F59}.Debug|Win32.ActiveCfg = Debug|Win32
		{D019683E-20D9-4ADD-840D-5D4005CD5F59}.Debug|Win32.Build.0 = Debug|Win32
		{D019683E-20D9-4ADD-840D-5D4005CD5F59}.Release|Win32.ActiveCfg = Release|Win32
		{D019683E-20D9-4ADD-840D-5D4005CD5F59}.Release|Win32.Build.0 = Release|Win32
		{D019683E-20D9-4ADD-840D-5D4005CD5F59}.Template|Win32.ActiveCfg = Template|Win32
		{D019683E-20D9-4ADD-840D-5D4005CD5F59}.Template|Win32.Build.0 = Template|Win32
		{9E619D5C-81A0-4E49-A20F-B95615417DC3}.Debug VLD|Win32.ActiveCfg = Debug VLD|Win32
		{9E619D5C-81A0-4E49-A20F-B95615417DC3}.Debug VLD|Win32.Build.0 = Debug VLD|Win32
		{9E619D5C-81A0-4E49-A20F-B95615417DC3}.Debug|Win32.ActiveCfg = Debug|Win32
		{9E619D5C-81A0-4E49-A20F-B95615417DC3}.Debug|Win32.Build.0 = Debug|Win32
		{9E619D5C-81A0-4E49-A20F-B95615417DC3}.Release|Win32.ActiveCfg = Release|Win32
		{9E619D5C-81A0-4E49-A20F-B95615417DC3}.Release|Win32.Build.0 = Release|Win32
		{9E619D5C-81A0-4E49-A20F-B95615417DC3}.Template|Win32.ActiveCfg = Template|Win32
		{9E619D5C-81A0-4E49-A20F-B95615417DC3}.Template|Win32.Build.0 = Template|Win32
		{7C6264DB-D5A6-45CB-B418-AA46990CEDE7}.Debug VLD|Win32.ActiveCfg = Debug VLD|Win32
		{7C6264DB-D5A6-45CB-B418-AA46990CEDE7}.Debug VLD|Win32.Build.0 = Debug VLD|Win32
		{7C6264DB-D5A6-45CB-B418-AA46990CEDE7}.Debug|Win32.ActiveCfg = Debug|Win32
		{7C6264DB-D5A6-45CB-B418-AA46990CEDE7}.Debug|Win32.Build.0 = Debug|Win32
		{7C6264DB-D5A6-45CB-B418-AA46990CEDE7}.Release|Win32.ActiveCfg = Release|Win32
		{7C6264DB-D5A6-45CB-B418-AA46990CEDE7}.Release|Win32.Build.0 = Release|Win32
		{7C6264DB-D5A6-45CB-B418-AA46990CEDE7}.Template|Win32.ActiveCfg = Template|Win32
		{7C6264DB-D5A6-45CB-B418-AA46990CEDE7}.Template|Win32.Build.0 = Template|Win32
		{F5E24E8C-42E2-4D5C-A12D-D3F7B9A755C6}.Debug VLD|Win32.ActiveCfg = Debug VLD|Win32
		{F5E24E8C-42E2-4D5C-A12D-D3F7B9A755C6}.Debug VLD|Win32.Build.0 = Debug VLD|Win32
		{F5E24E8C-42E2-4D5C-A12D-D3F7B9A755C6}.Debug|Win32.ActiveCfg = Debug|Win32
		{F5E24E8C-42E2-4D5C-A12D-D3F7B9A755C6}.Debug|Win32.Build.0 = Debug|Win32
		{F5E24E8C-42E2-4D5C-A12D-D3F7B9A755C6}.Release|Win32.ActiveCfg = Release|Win32
		{F5E24E8C-42E2-4D5C-A12D-D3F7B9A755C6}.Release|Win32.Build.0 = Release|Win32
		{F5E24E8C-42E2-4D5C-A12D-D3F7B9A755C6}.Template|Win32.ActiveCfg = Template|Win32
		{F5E24E8C-42E2-4D5C-A12D-D3F7B9A755C6}.Template|Win32.Build.0 = Template|Win32
		{DD254F4E-E2EF-47F5-A63A-581DEACDA61D}.Debug VLD|Win32.ActiveCfg = Debug VLD|Win32
		{DD254F4E-E2EF-47F5-A63A-581DEACDA61D}.Debug VLD|Win32.Build.0 = Debug VLD|Win32
		{DD254F4E-E2EF-47F5-A63A-581DEACDA61D}.Debug|Win32.ActiveCfg = Debug|Win32
		{DD254F4E-E2EF-47F5-A63A-581DEACDA61D}.Debug|Win32.Build.0 = Debug|Win32
		{DD254F4E-E2EF-47F5-A63A-581DEACDA61D}.Release|Win32.ActiveCfg = Release|Win32
		{DD254F4E-E2EF-47F5-A63A-581DEACDA61D}.Release|Win32.Build.0 = Release|Win32
		{DD254F4E-E2EF-47F5-A63A-581DEACDA61D}.Template|Win32.ActiveCfg = Template|Win32
		{DD254F4E-E2EF-47F5-A63A-581DEACDA61D}.Template|Win32.Build.0 = Template|Win32
		{60701F50-942A-4CF8-853B-9B440D35544C}.Debug VLD|Win32.ActiveCfg = Debug VLD|Win32
		{60701F50-942A-4CF8-853B-9B440D35544C}.Debug VLD|Win32.Build.0 = Debug VLD|Win32
		{60701F50-942A-4CF8-853B-9B440D35544C}.Debug|Win32.ActiveCfg = Debug|Win32
		{60701F50-942A-4CF8-853B-9B440D35544C}.Debug|Win32.Build.0 = Debug|Win32
		{60701F50-942A-4CF8-853B-9B440D35544C}.Release|Win32.ActiveCfg = Release|Win32
		{60701F50-942A-4CF8-853B-9B440D35544C}.Release|Win32.Build.0 = Release|Win32
		{60701F50-942A-4CF8-853B-9B440D35544C}.Template|Win32.ActiveCfg = Release|Win32
		{60701F50-942A-4CF8-853B-9B440D35544C}.Template|Win32.Build.0 = Release|Win32
		{7A0981DC-27F5-4635-AC3A-2C76ABBC4DEC}.Debug VLD|Win32.ActiveCfg = Debug VLD|Win32
		{7A0981DC-27F5-4635-AC3A-2C76ABBC4DEC}.Debug VLD|Win32.Build.0 = Debug VLD|Win32
		{7A0981DC-27F5-4635-AC3A-2C76ABBC4DEC}.Debug|Win32.ActiveCfg = Debug|Win32
		{7A0981DC-27F5-4635-AC3A-2C76ABBC4DEC}.Debug|Win32.Build.0 = Debug|Win32
		{7A0981DC-27F5-4635-AC3A-2C76ABBC4DEC}.Release|Win32.ActiveCfg = Release|Win32
		{7A0981DC-27F5-4635-AC3A-2C76ABBC4DEC}.Release|Win32.Build.0 = Release|Win32
		{7A0981DC-27F5-4635-AC3A-2C76ABBC4DEC}.Template|Win32.ActiveCfg = Release|Win32
		{7A0981DC-27F5-4635-AC3A-2C76ABBC4DEC}.Template|Win32.Build.0 = Release|Win32
		{59E7DB18-A333-4B4F-8CB4-603576B64DF9}.Debug VLD|Win32.ActiveCfg = Debug VLD|Win32
		{59E7DB18-A333-4B4F-8CB4-603576B64DF9}.Debug VLD|Win32.Build.0 = Debug VLD|Win32
		{59E7DB18-A333-4B4F-8CB4-603576B64DF9}.Debug|Win32.ActiveCfg = Debug|Win32
		{59E7DB18-A333-4B4F-8CB4-603576B64DF9}.Debug|Win32.Build.0 = Debug|Win32
		{59E7DB18-A333-4B4F-8CB4-603576B64DF9}.Release|Win32.ActiveCfg = Release|Win32
		{59E7DB18-A333-4B4F-8CB4-603576B64DF9}.Release|Win32.Build.0 = Release|Win32
		{59E7DB18-A333-4B4F-8CB4-603576B64DF9}.Template|Win32.ActiveCfg = Template|Win32
		{59E7DB18-A333-4B4F-8CB4-603576B64DF9}.Template|Win32.Build.0 = Template|Win32
		{B71F691C-AE4B-49DE-9DB3-E06333FD4A7B}.Debug VLD|Win32.ActiveCfg = Debug VLD|Win32
		{B71F691C-AE4B-49DE-9DB3-E06333FD4A7B}.Debug VLD|Win32.Build.0 = Debug VLD|Win32
		{B71F691C-AE4B-49DE-9DB3-E06333FD4A7B}.Debug|Win32.ActiveCfg = Debug|Win32
		{B71F691C-AE4B-49DE-9DB3-E06333FD4A7B}.Debug|Win32.Build.0 = Debug|Win32
		{B71F691C-AE4B-49DE-9DB3-E06333FD4A7B}.Release|Win32.ActiveCfg = Release|Win32
		{B71F691C-AE4B-49DE-9DB3-E06333FD4A7B}.Release|Win32.Build.0 = Release|Win32
		{B71F691C-AE4B-49DE-9DB3-E06333FD4A7B}.Template|Win32.ActiveCfg = Release|Win32
		{B71F691C-AE4B-49DE-9DB3-E06333FD4A7B}.Template|Win32.Build.0 = Release|Win32
	EndGlobalSection
	GlobalSection(SolutionProperties) = preSolution
		HideSolutionNode = FALSE
	EndGlobalSection
	GlobalSection(ExtensibilityGlobals) = postSolution
		QtVersion = 4.8.2.vs2010
	EndGlobalSection
EndGlobal
